
Microsoft Visual Studio Solution File, Format Version 12.00
# Visual Studio Version 16
VisualStudioVersion = 16.0.30711.63
MinimumVisualStudioVersion = 10.0.40219.1
Project("{FAE04EC0-301F-11D3-BF4B-00C04F79EFBC}") = "ClassLibrary1", "ClassLibrary1\ClassLibrary1.csproj", "{0787E2E7-65E3-4AC1-A071-3DC7713E89D8}"
EndProject
Project("{FAE04EC0-301F-11D3-BF4B-00C04F79EFBC}") = "XUnitTestProjectForClassLibrary", "XUnitTestProjectForClassLibrary\XUnitTestProjectForClassLibrary.csproj", "{30F6F108-1D0E-4B4B-9BD7-D6D773513C79}"
EndProject
Global
	GlobalSection(SolutionConfigurationPlatforms) = preSolution
		Debug|Any CPU = Debug|Any CPU
		Release|Any CPU = Release|Any CPU
	EndGlobalSection
	GlobalSection(ProjectConfigurationPlatforms) = postSolution
		{0787E2E7-65E3-4AC1-A071-3DC7713E89D8}.Debug|Any CPU.ActiveCfg = Debug|Any CPU
		{0787E2E7-65E3-4AC1-A071-3DC7713E89D8}.Debug|Any CPU.Build.0 = Debug|Any CPU
		{0787E2E7-65E3-4AC1-A071-3DC7713E89D8}.Release|Any CPU.ActiveCfg = Release|Any CPU
		{0787E2E7-65E3-4AC1-A071-3DC7713E89D8}.Release|Any CPU.Build.0 = Release|Any CPU
		{30F6F108-1D0E-4B4B-9BD7-D6D773513C79}.Debug|Any CPU.ActiveCfg = Debug|Any CPU
		{30F6F108-1D0E-4B4B-9BD7-D6D773513C79}.Debug|Any CPU.Build.0 = Debug|Any CPU
		{30F6F108-1D0E-4B4B-9BD7-D6D773513C79}.Release|Any CPU.ActiveCfg = Release|Any CPU
		{30F6F108-1D0E-4B4B-9BD7-D6D773513C79}.Release|Any CPU.Build.0 = Release|Any CPU
	EndGlobalSection
	GlobalSection(SolutionProperties) = preSolution
		HideSolutionNode = FALSE
	EndGlobalSection
	GlobalSection(ExtensibilityGlobals) = postSolution
		SolutionGuid = {457365B7-6F85-454C-BD2A-270E33FE5698}
	EndGlobalSection
EndGlobal
